
Microsoft Visual Studio Solution File, Format Version 12.00
# Visual Studio 15
VisualStudioVersion = 15.0.27004.2009
MinimumVisualStudioVersion = 10.0.40219.1
Project("{9A19103F-16F7-4668-BE54-9A1E7A4F7556}") = "Aquarius.Weixin", "src\Aquarius.Weixin\Aquarius.Weixin\Aquarius.Weixin.csproj", "{F6CE1896-3A1F-473B-AA85-C945FA92D89A}"
EndProject
Project("{9A19103F-16F7-4668-BE54-9A1E7A4F7556}") = "Aquarius.Weixin.Test", "Test\Aquarius.Weixin.Test\Aquarius.Weixin.Test.csproj", "{F5C02989-242D-4F7A-9947-0DF776D721B8}"
EndProject
Project("{2150E333-8FDC-42A3-9474-1A3956D46DE8}") = "src", "src", "{17197F5C-6F8E-41B0-817B-7B56D2BF9FEF}"
EndProject
Project("{2150E333-8FDC-42A3-9474-1A3956D46DE8}") = "Test", "Test", "{3C058C45-B777-490E-AA22-1EADF880BFCC}"
EndProject
Project("{2150E333-8FDC-42A3-9474-1A3956D46DE8}") = "Aquarius.Weixin", "Aquarius.Weixin", "{AD2A9ECC-C7A7-4CE2-A926-1BAF1FD1565C}"
EndProject
Project("{2150E333-8FDC-42A3-9474-1A3956D46DE8}") = "Web", "Web", "{3098EE98-C793-47B8-B2BB-CA8557C2E4A9}"
EndProject
Global
	GlobalSection(SolutionConfigurationPlatforms) = preSolution
		Debug|Any CPU = Debug|Any CPU
		Release|Any CPU = Release|Any CPU
	EndGlobalSection
	GlobalSection(ProjectConfigurationPlatforms) = postSolution
		{F6CE1896-3A1F-473B-AA85-C945FA92D89A}.Debug|Any CPU.ActiveCfg = Debug|Any CPU
		{F6CE1896-3A1F-473B-AA85-C945FA92D89A}.Debug|Any CPU.Build.0 = Debug|Any CPU
		{F6CE1896-3A1F-473B-AA85-C945FA92D89A}.Release|Any CPU.ActiveCfg = Release|Any CPU
		{F6CE1896-3A1F-473B-AA85-C945FA92D89A}.Release|Any CPU.Build.0 = Release|Any CPU
		{F5C02989-242D-4F7A-9947-0DF776D721B8}.Debug|Any CPU.ActiveCfg = Debug|Any CPU
		{F5C02989-242D-4F7A-9947-0DF776D721B8}.Debug|Any CPU.Build.0 = Debug|Any CPU
		{F5C02989-242D-4F7A-9947-0DF776D721B8}.Release|Any CPU.ActiveCfg = Release|Any CPU
		{F5C02989-242D-4F7A-9947-0DF776D721B8}.Release|Any CPU.Build.0 = Release|Any CPU
	EndGlobalSection
	GlobalSection(SolutionProperties) = preSolution
		HideSolutionNode = FALSE
	EndGlobalSection
	GlobalSection(NestedProjects) = preSolution
		{F6CE1896-3A1F-473B-AA85-C945FA92D89A} = {AD2A9ECC-C7A7-4CE2-A926-1BAF1FD1565C}
		{F5C02989-242D-4F7A-9947-0DF776D721B8} = {3C058C45-B777-490E-AA22-1EADF880BFCC}
		{AD2A9ECC-C7A7-4CE2-A926-1BAF1FD1565C} = {17197F5C-6F8E-41B0-817B-7B56D2BF9FEF}
		{3098EE98-C793-47B8-B2BB-CA8557C2E4A9} = {17197F5C-6F8E-41B0-817B-7B56D2BF9FEF}
	EndGlobalSection
	GlobalSection(ExtensibilityGlobals) = postSolution
		SolutionGuid = {9708A6BE-3CDA-4320-AEDB-45F0AFEA45E2}
	EndGlobalSection
EndGlobal
